
Microsoft Visual Studio Solution File, Format Version 12.00
# Visual Studio Version 16
VisualStudioVersion = 16.0.29409.12
MinimumVisualStudioVersion = 10.0.40219.1
Project("{FAE04EC0-301F-11D3-BF4B-00C04F79EFBC}") = "TimeCodeCalculator", "TimeCodeCalculator.csproj", "{FF2167A7-127F-40A8-92BB-D569357D71BB}"
EndProject
Global
	GlobalSection(SolutionConfigurationPlatforms) = preSolution
		Debug|Any CPU = Debug|Any CPU
		Release|Any CPU = Release|Any CPU
	EndGlobalSection
	GlobalSection(ProjectConfigurationPlatforms) = postSolution
		{FF2167A7-127F-40A8-92BB-D569357D71BB}.Debug|Any CPU.ActiveCfg = Debug|Any CPU
		{FF2167A7-127F-40A8-92BB-D569357D71BB}.Debug|Any CPU.Build.0 = Debug|Any CPU
		{FF2167A7-127F-40A8-92BB-D569357D71BB}.Release|Any CPU.ActiveCfg = Release|Any CPU
		{FF2167A7-127F-40A8-92BB-D569357D71BB}.Release|Any CPU.Build.0 = Release|Any CPU
	EndGlobalSection
	GlobalSection(SolutionProperties) = preSolution
		HideSolutionNode = FALSE
	EndGlobalSection
	GlobalSection(ExtensibilityGlobals) = postSolution
		SolutionGuid = {644F4DDD-D7A7-4925-8FF7-0168FA3F8DF4}
	EndGlobalSection
EndGlobal
